
Microsoft Visual Studio Solution File, Format Version 12.00
# Visual Studio Version 16
VisualStudioVersion = 16.0.29806.167
MinimumVisualStudioVersion = 10.0.40219.1
Project("{FAE04EC0-301F-11D3-BF4B-00C04F79EFBC}") = "ZbioryMiekkieWarzywa", "ZbioryMiekkieWarzywa\ZbioryMiekkieWarzywa.csproj", "{2698C61A-BD8D-48D0-A969-B4A0D9B78BFE}"
EndProject
Global
	GlobalSection(SolutionConfigurationPlatforms) = preSolution
		Debug|Any CPU = Debug|Any CPU
		Release|Any CPU = Release|Any CPU
	EndGlobalSection
	GlobalSection(ProjectConfigurationPlatforms) = postSolution
		{2698C61A-BD8D-48D0-A969-B4A0D9B78BFE}.Debug|Any CPU.ActiveCfg = Debug|Any CPU
		{2698C61A-BD8D-48D0-A969-B4A0D9B78BFE}.Debug|Any CPU.Build.0 = Debug|Any CPU
		{2698C61A-BD8D-48D0-A969-B4A0D9B78BFE}.Release|Any CPU.ActiveCfg = Release|Any CPU
		{2698C61A-BD8D-48D0-A969-B4A0D9B78BFE}.Release|Any CPU.Build.0 = Release|Any CPU
	EndGlobalSection
	GlobalSection(SolutionProperties) = preSolution
		HideSolutionNode = FALSE
	EndGlobalSection
	GlobalSection(ExtensibilityGlobals) = postSolution
		SolutionGuid = {FC58FED6-E691-482E-BCAB-B4C3AC8B19BC}
	EndGlobalSection
EndGlobal
